
Microsoft Visual Studio Solution File, Format Version 12.00
# Visual Studio Version 17
VisualStudioVersion = 17.14.36301.6 d17.14
MinimumVisualStudioVersion = 10.0.40219.1
Project("{FAE04EC0-301F-11D3-BF4B-00C04F79EFBC}") = "demoApp", "demoApp.csproj", "{3F0B53A3-FA9F-443B-AC07-0F74A84CA98B}"
EndProject
Global
	GlobalSection(SolutionConfigurationPlatforms) = preSolution
		Debug|Any CPU = Debug|Any CPU
		Release|Any CPU = Release|Any CPU
	EndGlobalSection
	GlobalSection(ProjectConfigurationPlatforms) = postSolution
		{3F0B53A3-FA9F-443B-AC07-0F74A84CA98B}.Debug|Any CPU.ActiveCfg = Debug|Any CPU
		{3F0B53A3-FA9F-443B-AC07-0F74A84CA98B}.Debug|Any CPU.Build.0 = Debug|Any CPU
		{3F0B53A3-FA9F-443B-AC07-0F74A84CA98B}.Release|Any CPU.ActiveCfg = Release|Any CPU
		{3F0B53A3-FA9F-443B-AC07-0F74A84CA98B}.Release|Any CPU.Build.0 = Release|Any CPU
	EndGlobalSection
	GlobalSection(SolutionProperties) = preSolution
		HideSolutionNode = FALSE
	EndGlobalSection
	GlobalSection(ExtensibilityGlobals) = postSolution
		SolutionGuid = {38C4BDDB-B69F-4B79-812A-4C77BCBA5290}
	EndGlobalSection
EndGlobal
