
Microsoft Visual Studio Solution File, Format Version 12.00
# Visual Studio Version 17
VisualStudioVersion = 17.14.36623.8 d17.14
MinimumVisualStudioVersion = 10.0.40219.1
Project("{FAE04EC0-301F-11D3-BF4B-00C04F79EFBC}") = "backend", "backend.csproj", "{23B7E98C-AFAA-4DAD-8C05-7B660D7EC723}"
EndProject
Global
	GlobalSection(SolutionConfigurationPlatforms) = preSolution
		Debug|Any CPU = Debug|Any CPU
		Release|Any CPU = Release|Any CPU
	EndGlobalSection
	GlobalSection(ProjectConfigurationPlatforms) = postSolution
		{23B7E98C-AFAA-4DAD-8C05-7B660D7EC723}.Debug|Any CPU.ActiveCfg = Debug|Any CPU
		{23B7E98C-AFAA-4DAD-8C05-7B660D7EC723}.Debug|Any CPU.Build.0 = Debug|Any CPU
		{23B7E98C-AFAA-4DAD-8C05-7B660D7EC723}.Release|Any CPU.ActiveCfg = Release|Any CPU
		{23B7E98C-AFAA-4DAD-8C05-7B660D7EC723}.Release|Any CPU.Build.0 = Release|Any CPU
	EndGlobalSection
	GlobalSection(SolutionProperties) = preSolution
		HideSolutionNode = FALSE
	EndGlobalSection
	GlobalSection(ExtensibilityGlobals) = postSolution
		SolutionGuid = {19BB7456-9C3D-4216-B06C-EC45C8370EB4}
	EndGlobalSection
EndGlobal
